// !$*UTF8*$!
{
	archiveVersion = 1;
	classes = {
	};
	objectVersion = 50;
	objects = {

/* Begin PBXBuildFile section */
		288A48D71AF295F4EA7C4F14 /* libPods-WeatherUITests.a in Frameworks */ = {isa = PBXBuildFile; fileRef = AC9C8CA089F40AD759F3E3EE /* libPods-WeatherUITests.a */; };
		3C3A33D338B0AF809F1C30AA /* libPods-WeatherTests.a in Frameworks */ = {isa = PBXBuildFile; fileRef = 08CBB6CA00F57813D459D79F /* libPods-WeatherTests.a */; };
		4713EBCEA524CEF461409E8B /* libPods-Weather.a in Frameworks */ = {isa = PBXBuildFile; fileRef = F7CDA29EC38B44C0CB9578E0 /* libPods-Weather.a */; };
		76DEEC12207B4A6600411444 /* AppDelegate.m in Sources */ = {isa = PBXBuildFile; fileRef = 76DEEC11207B4A6600411444 /* AppDelegate.m */; };
		76DEEC15207B4A6600411444 /* ViewController.m in Sources */ = {isa = PBXBuildFile; fileRef = 76DEEC14207B4A6600411444 /* ViewController.m */; };
		76DEEC18207B4A6600411444 /* Main.storyboard in Resources */ = {isa = PBXBuildFile; fileRef = 76DEEC16207B4A6600411444 /* Main.storyboard */; };
		76DEEC1A207B4A6800411444 /* Assets.xcassets in Resources */ = {isa = PBXBuildFile; fileRef = 76DEEC19207B4A6800411444 /* Assets.xcassets */; };
		76DEEC1D207B4A6800411444 /* LaunchScreen.storyboard in Resources */ = {isa = PBXBuildFile; fileRef = 76DEEC1B207B4A6800411444 /* LaunchScreen.storyboard */; };
		76DEEC20207B4A6800411444 /* main.m in Sources */ = {isa = PBXBuildFile; fileRef = 76DEEC1F207B4A6800411444 /* main.m */; };
		76DEEC2A207B4A6900411444 /* WeatherTests.m in Sources */ = {isa = PBXBuildFile; fileRef = 76DEEC29207B4A6900411444 /* WeatherTests.m */; };
		76DEEC35207B4A6900411444 /* WeatherUITests.m in Sources */ = {isa = PBXBuildFile; fileRef = 76DEEC34207B4A6900411444 /* WeatherUITests.m */; };
/* End PBXBuildFile section */

/* Begin PBXContainerItemProxy section */
		76DEEC26207B4A6900411444 /* PBXContainerItemProxy */ = {
			isa = PBXContainerItemProxy;
			containerPortal = 76DEEC05207B4A6600411444 /* Project object */;
			proxyType = 1;
			remoteGlobalIDString = 76DEEC0C207B4A6600411444;
			remoteInfo = Weather;
		};
		76DEEC31207B4A6900411444 /* PBXContainerItemProxy */ = {
			isa = PBXContainerItemProxy;
			containerPortal = 76DEEC05207B4A6600411444 /* Project object */;
			proxyType = 1;
			remoteGlobalIDString = 76DEEC0C207B4A6600411444;
			remoteInfo = Weather;
		};
/* End PBXContainerItemProxy section */

/* Begin PBXFileReference section */
		08CBB6CA00F57813D459D79F /* libPods-WeatherTests.a */ = {isa = PBXFileReference; explicitFileType = archive.ar; includeInIndex = 0; path = "libPods-WeatherTests.a"; sourceTree = BUILT_PRODUCTS_DIR; };
		3529AE2115066DF0B8E7F6FC /* Pods-Weather.debug.xcconfig */ = {isa = PBXFileReference; includeInIndex = 1; lastKnownFileType = text.xcconfig; name = "Pods-Weather.debug.xcconfig"; path = "Pods/Target Support Files/Pods-Weather/Pods-Weather.debug.xcconfig"; sourceTree = "<group>"; };
		6ECF56F261CA1900F3004557 /* Pods-WeatherTests.release.xcconfig */ = {isa = PBXFileReference; includeInIndex = 1; lastKnownFileType = text.xcconfig; name = "Pods-WeatherTests.release.xcconfig"; path = "Pods/Target Support Files/Pods-WeatherTests/Pods-WeatherTests.release.xcconfig"; sourceTree = "<group>"; };
		74785C548E7AA00DFF5BB07B /* Pods-WeatherUITests.debug.xcconfig */ = {isa = PBXFileReference; includeInIndex = 1; lastKnownFileType = text.xcconfig; name = "Pods-WeatherUITests.debug.xcconfig"; path = "Pods/Target Support Files/Pods-WeatherUITests/Pods-WeatherUITests.debug.xcconfig"; sourceTree = "<group>"; };
		76DEEC0D207B4A6600411444 /* Weather.app */ = {isa = PBXFileReference; explicitFileType = wrapper.application; includeInIndex = 0; path = Weather.app; sourceTree = BUILT_PRODUCTS_DIR; };
		76DEEC10207B4A6600411444 /* AppDelegate.h */ = {isa = PBXFileReference; lastKnownFileType = sourcecode.c.h; path = AppDelegate.h; sourceTree = "<group>"; };
		76DEEC11207B4A6600411444 /* AppDelegate.m */ = {isa = PBXFileReference; lastKnownFileType = sourcecode.c.objc; path = AppDelegate.m; sourceTree = "<group>"; };
		76DEEC13207B4A6600411444 /* ViewController.h */ = {isa = PBXFileReference; lastKnownFileType = sourcecode.c.h; path = ViewController.h; sourceTree = "<group>"; };
		76DEEC14207B4A6600411444 /* ViewController.m */ = {isa = PBXFileReference; lastKnownFileType = sourcecode.c.objc; path = ViewController.m; sourceTree = "<group>"; };
		76DEEC17207B4A6600411444 /* Base */ = {isa = PBXFileReference; lastKnownFileType = file.storyboard; name = Base; path = Base.lproj/Main.storyboard; sourceTree = "<group>"; };
		76DEEC19207B4A6800411444 /* Assets.xcassets */ = {isa = PBXFileReference; lastKnownFileType = folder.assetcatalog; path = Assets.xcassets; sourceTree = "<group>"; };
		76DEEC1C207B4A6800411444 /* Base */ = {isa = PBXFileReference; lastKnownFileType = file.storyboard; name = Base; path = Base.lproj/LaunchScreen.storyboard; sourceTree = "<group>"; };
		76DEEC1E207B4A6800411444 /* Info.plist */ = {isa = PBXFileReference; lastKnownFileType = text.plist.xml; path = Info.plist; sourceTree = "<group>"; };
		76DEEC1F207B4A6800411444 /* main.m */ = {isa = PBXFileReference; lastKnownFileType = sourcecode.c.objc; path = main.m; sourceTree = "<group>"; };
		76DEEC25207B4A6900411444 /* WeatherTests.xctest */ = {isa = PBXFileReference; explicitFileType = wrapper.cfbundle; includeInIndex = 0; path = WeatherTests.xctest; sourceTree = BUILT_PRODUCTS_DIR; };
		76DEEC29207B4A6900411444 /* WeatherTests.m */ = {isa = PBXFileReference; lastKnownFileType = sourcecode.c.objc; path = WeatherTests.m; sourceTree = "<group>"; };
		76DEEC2B207B4A6900411444 /* Info.plist */ = {isa = PBXFileReference; lastKnownFileType = text.plist.xml; path = Info.plist; sourceTree = "<group>"; };
		76DEEC30207B4A6900411444 /* WeatherUITests.xctest */ = {isa = PBXFileReference; explicitFileType = wrapper.cfbundle; includeInIndex = 0; path = WeatherUITests.xctest; sourceTree = BUILT_PRODUCTS_DIR; };
		76DEEC34207B4A6900411444 /* WeatherUITests.m */ = {isa = PBXFileReference; lastKnownFileType = sourcecode.c.objc; path = WeatherUITests.m; sourceTree = "<group>"; };
		76DEEC36207B4A6900411444 /* Info.plist */ = {isa = PBXFileReference; lastKnownFileType = text.plist.xml; path = Info.plist; sourceTree = "<group>"; };
		78C7BBE3A4ECB0E9507159CB /* Pods-WeatherUITests.release.xcconfig */ = {isa = PBXFileReference; includeInIndex = 1; lastKnownFileType = text.xcconfig; name = "Pods-WeatherUITests.release.xcconfig"; path = "Pods/Target Support Files/Pods-WeatherUITests/Pods-WeatherUITests.release.xcconfig"; sourceTree = "<group>"; };
		AC9C8CA089F40AD759F3E3EE /* libPods-WeatherUITests.a */ = {isa = PBXFileReference; explicitFileType = archive.ar; includeInIndex = 0; path = "libPods-WeatherUITests.a"; sourceTree = BUILT_PRODUCTS_DIR; };
		EC2F9A658221435E0E2346A1 /* Pods-WeatherTests.debug.xcconfig */ = {isa = PBXFileReference; includeInIndex = 1; lastKnownFileType = text.xcconfig; name = "Pods-WeatherTests.debug.xcconfig"; path = "Pods/Target Support Files/Pods-WeatherTests/Pods-WeatherTests.debug.xcconfig"; sourceTree = "<group>"; };
		F31FAB05735A2B37583A2947 /* Pods-Weather.release.xcconfig */ = {isa = PBXFileReference; includeInIndex = 1; lastKnownFileType = text.xcconfig; name = "Pods-Weather.release.xcconfig"; path = "Pods/Target Support Files/Pods-Weather/Pods-Weather.release.xcconfig"; sourceTree = "<group>"; };
		F7CDA29EC38B44C0CB9578E0 /* libPods-Weather.a */ = {isa = PBXFileReference; explicitFileType = archive.ar; includeInIndex = 0; path = "libPods-Weather.a"; sourceTree = BUILT_PRODUCTS_DIR; };
/* End PBXFileReference section */

/* Begin PBXFrameworksBuildPhase section */
		76DEEC0A207B4A6600411444 /* Frameworks */ = {
			isa = PBXFrameworksBuildPhase;
			buildActionMask = 2147483647;
			files = (
				4713EBCEA524CEF461409E8B /* libPods-Weather.a in Frameworks */,
			);
			runOnlyForDeploymentPostprocessing = 0;
		};
		76DEEC22207B4A6900411444 /* Frameworks */ = {
			isa = PBXFrameworksBuildPhase;
			buildActionMask = 2147483647;
			files = (
				3C3A33D338B0AF809F1C30AA /* libPods-WeatherTests.a in Frameworks */,
			);
			runOnlyForDeploymentPostprocessing = 0;
		};
		76DEEC2D207B4A6900411444 /* Frameworks */ = {
			isa = PBXFrameworksBuildPhase;
			buildActionMask = 2147483647;
			files = (
				288A48D71AF295F4EA7C4F14 /* libPods-WeatherUITests.a in Frameworks */,
			);
			runOnlyForDeploymentPostprocessing = 0;
		};
/* End PBXFrameworksBuildPhase section */

/* Begin PBXGroup section */
		308992D8FC42EC252D5D2D39 /* Frameworks */ = {
			isa = PBXGroup;
			children = (
				F7CDA29EC38B44C0CB9578E0 /* libPods-Weather.a */,
				08CBB6CA00F57813D459D79F /* libPods-WeatherTests.a */,
				AC9C8CA089F40AD759F3E3EE /* libPods-WeatherUITests.a */,
			);
			name = Frameworks;
			sourceTree = "<group>";
		};
		76DEEC04207B4A6600411444 = {
			isa = PBXGroup;
			children = (
				76DEEC0F207B4A6600411444 /* Weather */,
				76DEEC28207B4A6900411444 /* WeatherTests */,
				76DEEC33207B4A6900411444 /* WeatherUITests */,
				76DEEC0E207B4A6600411444 /* Products */,
				D4131314080B66B98BCF943B /* Pods */,
				308992D8FC42EC252D5D2D39 /* Frameworks */,
			);
			sourceTree = "<group>";
		};
		76DEEC0E207B4A6600411444 /* Products */ = {
			isa = PBXGroup;
			children = (
				76DEEC0D207B4A6600411444 /* Weather.app */,
				76DEEC25207B4A6900411444 /* WeatherTests.xctest */,
				76DEEC30207B4A6900411444 /* WeatherUITests.xctest */,
			);
			name = Products;
			sourceTree = "<group>";
		};
		76DEEC0F207B4A6600411444 /* Weather */ = {
			isa = PBXGroup;
			children = (
				76DEEC10207B4A6600411444 /* AppDelegate.h */,
				76DEEC11207B4A6600411444 /* AppDelegate.m */,
				76DEEC13207B4A6600411444 /* ViewController.h */,
				76DEEC14207B4A6600411444 /* ViewController.m */,
				76DEEC16207B4A6600411444 /* Main.storyboard */,
				76DEEC19207B4A6800411444 /* Assets.xcassets */,
				76DEEC1B207B4A6800411444 /* LaunchScreen.storyboard */,
				76DEEC1E207B4A6800411444 /* Info.plist */,
				76DEEC1F207B4A6800411444 /* main.m */,
			);
			path = Weather;
			sourceTree = "<group>";
		};
		76DEEC28207B4A6900411444 /* WeatherTests */ = {
			isa = PBXGroup;
			children = (
				76DEEC29207B4A6900411444 /* WeatherTests.m */,
				76DEEC2B207B4A6900411444 /* Info.plist */,
			);
			path = WeatherTests;
			sourceTree = "<group>";
		};
		76DEEC33207B4A6900411444 /* WeatherUITests */ = {
			isa = PBXGroup;
			children = (
				76DEEC34207B4A6900411444 /* WeatherUITests.m */,
				76DEEC36207B4A6900411444 /* Info.plist */,
			);
			path = WeatherUITests;
			sourceTree = "<group>";
		};
		D4131314080B66B98BCF943B /* Pods */ = {
			isa = PBXGroup;
			children = (
				3529AE2115066DF0B8E7F6FC /* Pods-Weather.debug.xcconfig */,
				F31FAB05735A2B37583A2947 /* Pods-Weather.release.xcconfig */,
				EC2F9A658221435E0E2346A1 /* Pods-WeatherTests.debug.xcconfig */,
				6ECF56F261CA1900F3004557 /* Pods-WeatherTests.release.xcconfig */,
				74785C548E7AA00DFF5BB07B /* Pods-WeatherUITests.debug.xcconfig */,
				78C7BBE3A4ECB0E9507159CB /* Pods-WeatherUITests.release.xcconfig */,
			);
			name = Pods;
			sourceTree = "<group>";
		};
/* End PBXGroup section */

/* Begin PBXNativeTarget section */
		76DEEC0C207B4A6600411444 /* Weather */ = {
			isa = PBXNativeTarget;
			buildConfigurationList = 76DEEC39207B4A6900411444 /* Build configuration list for PBXNativeTarget "Weather" */;
			buildPhases = (
				1704A3FD2060D1B1CA029928 /* [CP] Check Pods Manifest.lock */,
				76DEEC09207B4A6600411444 /* Sources */,
				76DEEC0A207B4A6600411444 /* Frameworks */,
				76DEEC0B207B4A6600411444 /* Resources */,
				53F71E34DBFE5FC7A72FDFA6 /* [CP] Copy Pods Resources */,
			);
			buildRules = (
			);
			dependencies = (
			);
			name = Weather;
			productName = Weather;
			productReference = 76DEEC0D207B4A6600411444 /* Weather.app */;
			productType = "com.apple.product-type.application";
		};
		76DEEC24207B4A6900411444 /* WeatherTests */ = {
			isa = PBXNativeTarget;
			buildConfigurationList = 76DEEC3C207B4A6900411444 /* Build configuration list for PBXNativeTarget "WeatherTests" */;
			buildPhases = (
				092FBB3015B122D601228E31 /* [CP] Check Pods Manifest.lock */,
				76DEEC21207B4A6900411444 /* Sources */,
				76DEEC22207B4A6900411444 /* Frameworks */,
				76DEEC23207B4A6900411444 /* Resources */,
			);
			buildRules = (
			);
			dependencies = (
				76DEEC27207B4A6900411444 /* PBXTargetDependency */,
			);
			name = WeatherTests;
			productName = WeatherTests;
			productReference = 76DEEC25207B4A6900411444 /* WeatherTests.xctest */;
			productType = "com.apple.product-type.bundle.unit-test";
		};
		76DEEC2F207B4A6900411444 /* WeatherUITests */ = {
			isa = PBXNativeTarget;
			buildConfigurationList = 76DEEC3F207B4A6900411444 /* Build configuration list for PBXNativeTarget "WeatherUITests" */;
			buildPhases = (
				F0B18412829619241D61D09C /* [CP] Check Pods Manifest.lock */,
				76DEEC2C207B4A6900411444 /* Sources */,
				76DEEC2D207B4A6900411444 /* Frameworks */,
				76DEEC2E207B4A6900411444 /* Resources */,
			);
			buildRules = (
			);
			dependencies = (
				76DEEC32207B4A6900411444 /* PBXTargetDependency */,
			);
			name = WeatherUITests;
			productName = WeatherUITests;
			productReference = 76DEEC30207B4A6900411444 /* WeatherUITests.xctest */;
			productType = "com.apple.product-type.bundle.ui-testing";
		};
/* End PBXNativeTarget section */

/* Begin PBXProject section */
		76DEEC05207B4A6600411444 /* Project object */ = {
			isa = PBXProject;
			attributes = {
				LastUpgradeCheck = 0930;
				ORGANIZATIONNAME = "www.zhangwenyan@travel.com";
				TargetAttributes = {
					76DEEC0C207B4A6600411444 = {
						CreatedOnToolsVersion = 9.3;
					};
					76DEEC24207B4A6900411444 = {
						CreatedOnToolsVersion = 9.3;
						TestTargetID = 76DEEC0C207B4A6600411444;
					};
					76DEEC2F207B4A6900411444 = {
						CreatedOnToolsVersion = 9.3;
						TestTargetID = 76DEEC0C207B4A6600411444;
					};
				};
			};
			buildConfigurationList = 76DEEC08207B4A6600411444 /* Build configuration list for PBXProject "Weather" */;
			compatibilityVersion = "Xcode 9.3";
			developmentRegion = en;
			hasScannedForEncodings = 0;
			knownRegions = (
				en,
				Base,
			);
			mainGroup = 76DEEC04207B4A6600411444;
			productRefGroup = 76DEEC0E207B4A6600411444 /* Products */;
			projectDirPath = "";
			projectRoot = "";
			targets = (
				76DEEC0C207B4A6600411444 /* Weather */,
				76DEEC24207B4A6900411444 /* WeatherTests */,
				76DEEC2F207B4A6900411444 /* WeatherUITests */,
			);
		};
/* End PBXProject section */

/* Begin PBXResourcesBuildPhase section */
		76DEEC0B207B4A6600411444 /* Resources */ = {
			isa = PBXResourcesBuildPhase;
			buildActionMask = 2147483647;
			files = (
				76DEEC1D207B4A6800411444 /* LaunchScreen.storyboard in Resources */,
				76DEEC1A207B4A6800411444 /* Assets.xcassets in Resources */,
				76DEEC18207B4A6600411444 /* Main.storyboard in Resources */,
			);
			runOnlyForDeploymentPostprocessing = 0;
		};
		76DEEC23207B4A6900411444 /* Resources */ = {
			isa = PBXResourcesBuildPhase;
			buildActionMask = 2147483647;
			files = (
			);
			runOnlyForDeploymentPostprocessing = 0;
		};
		76DEEC2E207B4A6900411444 /* Resources */ = {
			isa = PBXResourcesBuildPhase;
			buildActionMask = 2147483647;
			files = (
			);
			runOnlyForDeploymentPostprocessing = 0;
		};
/* End PBXResourcesBuildPhase section */

/* Begin PBXShellScriptBuildPhase section */
		092FBB3015B122D601228E31 /* [CP] Check Pods Manifest.lock */ = {
			isa = PBXShellScriptBuildPhase;
			buildActionMask = 2147483647;
			files = (
			);
			inputPaths = (
				"${PODS_PODFILE_DIR_PATH}/Podfile.lock",
				"${PODS_ROOT}/Manifest.lock",
			);
			name = "[CP] Check Pods Manifest.lock";
			outputPaths = (
				"$(DERIVED_FILE_DIR)/Pods-WeatherTests-checkManifestLockResult.txt",
			);
			runOnlyForDeploymentPostprocessing = 0;
			shellPath = /bin/sh;
			shellScript = "diff \"${PODS_PODFILE_DIR_PATH}/Podfile.lock\" \"${PODS_ROOT}/Manifest.lock\" > /dev/null\nif [ $? != 0 ] ; then\n    # print error to STDERR\n    echo \"error: The sandbox is not in sync with the Podfile.lock. Run 'pod install' or update your CocoaPods installation.\" >&2\n    exit 1\nfi\n# This output is used by Xcode 'outputs' to avoid re-running this script phase.\necho \"SUCCESS\" > \"${SCRIPT_OUTPUT_FILE_0}\"\n";
			showEnvVarsInLog = 0;
		};
		1704A3FD2060D1B1CA029928 /* [CP] Check Pods Manifest.lock */ = {
			isa = PBXShellScriptBuildPhase;
			buildActionMask = 2147483647;
			files = (
			);
			inputPaths = (
				"${PODS_PODFILE_DIR_PATH}/Podfile.lock",
				"${PODS_ROOT}/Manifest.lock",
			);
			name = "[CP] Check Pods Manifest.lock";
			outputPaths = (
				"$(DERIVED_FILE_DIR)/Pods-Weather-checkManifestLockResult.txt",
			);
			runOnlyForDeploymentPostprocessing = 0;
			shellPath = /bin/sh;
			shellScript = "diff \"${PODS_PODFILE_DIR_PATH}/Podfile.lock\" \"${PODS_ROOT}/Manifest.lock\" > /dev/null\nif [ $? != 0 ] ; then\n    # print error to STDERR\n    echo \"error: The sandbox is not in sync with the Podfile.lock. Run 'pod install' or update your CocoaPods installation.\" >&2\n    exit 1\nfi\n# This output is used by Xcode 'outputs' to avoid re-running this script phase.\necho \"SUCCESS\" > \"${SCRIPT_OUTPUT_FILE_0}\"\n";
			showEnvVarsInLog = 0;
		};
		53F71E34DBFE5FC7A72FDFA6 /* [CP] Copy Pods Resources */ = {
			isa = PBXShellScriptBuildPhase;
			buildActionMask = 2147483647;
			files = (
			);
			inputPaths = (
				"${SRCROOT}/Pods/Target Support Files/Pods-Weather/Pods-Weather-resources.sh",
				"${PODS_ROOT}/IQKeyboardManager/IQKeyboardManager/Resources/IQKeyboardManager.bundle",
				"${PODS_ROOT}/LBXScan/LBXScan/UI/CodeScan.bundle",
				"${PODS_ROOT}/MJRefresh/MJRefresh/MJRefresh.bundle",
				"${PODS_ROOT}/ZBarSDK/iphone/res/zbar-back.png",
				"${PODS_ROOT}/ZBarSDK/iphone/res/zbar-help.html",
				"${PODS_ROOT}/ZBarSDK/iphone/res/zbar-helpicons.png",
				"${PODS_ROOT}/ZBarSDK/iphone/res/zbar-samples.png",
			);
			name = "[CP] Copy Pods Resources";
			outputPaths = (
				"${TARGET_BUILD_DIR}/${UNLOCALIZED_RESOURCES_FOLDER_PATH}/IQKeyboardManager.bundle",
				"${TARGET_BUILD_DIR}/${UNLOCALIZED_RESOURCES_FOLDER_PATH}/CodeScan.bundle",
				"${TARGET_BUILD_DIR}/${UNLOCALIZED_RESOURCES_FOLDER_PATH}/MJRefresh.bundle",
				"${TARGET_BUILD_DIR}/${UNLOCALIZED_RESOURCES_FOLDER_PATH}/zbar-back.png",
				"${TARGET_BUILD_DIR}/${UNLOCALIZED_RESOURCES_FOLDER_PATH}/zbar-help.html",
				"${TARGET_BUILD_DIR}/${UNLOCALIZED_RESOURCES_FOLDER_PATH}/zbar-helpicons.png",
				"${TARGET_BUILD_DIR}/${UNLOCALIZED_RESOURCES_FOLDER_PATH}/zbar-samples.png",
			);
			runOnlyForDeploymentPostprocessing = 0;
			shellPath = /bin/sh;
			shellScript = "\"${SRCROOT}/Pods/Target Support Files/Pods-Weather/Pods-Weather-resources.sh\"\n";
			showEnvVarsInLog = 0;
		};
		F0B18412829619241D61D09C /* [CP] Check Pods Manifest.lock */ = {
			isa = PBXShellScriptBuildPhase;
			buildActionMask = 2147483647;
			files = (
			);
			inputPaths = (
				"${PODS_PODFILE_DIR_PATH}/Podfile.lock",
				"${PODS_ROOT}/Manifest.lock",
			);
			name = "[CP] Check Pods Manifest.lock";
			outputPaths = (
				"$(DERIVED_FILE_DIR)/Pods-WeatherUITests-checkManifestLockResult.txt",
			);
			runOnlyForDeploymentPostprocessing = 0;
			shellPath = /bin/sh;
			shellScript = "diff \"${PODS_PODFILE_DIR_PATH}/Podfile.lock\" \"${PODS_ROOT}/Manifest.lock\" > /dev/null\nif [ $? != 0 ] ; then\n    # print error to STDERR\n    echo \"error: The sandbox is not in sync with the Podfile.lock. Run 'pod install' or update your CocoaPods installation.\" >&2\n    exit 1\nfi\n# This output is used by Xcode 'outputs' to avoid re-running this script phase.\necho \"SUCCESS\" > \"${SCRIPT_OUTPUT_FILE_0}\"\n";
			showEnvVarsInLog = 0;
		};
/* End PBXShellScriptBuildPhase section */

/* Begin PBXSourcesBuildPhase section */
		76DEEC09207B4A6600411444 /* Sources */ = {
			isa = PBXSourcesBuildPhase;
			buildActionMask = 2147483647;
			files = (
				76DEEC15207B4A6600411444 /* ViewController.m in Sources */,
				76DEEC20207B4A6800411444 /* main.m in Sources */,
				76DEEC12207B4A6600411444 /* AppDelegate.m in Sources */,
			);
			runOnlyForDeploymentPostprocessing = 0;
		};
		76DEEC21207B4A6900411444 /* Sources */ = {
			isa = PBXSourcesBuildPhase;
			buildActionMask = 2147483647;
			files = (
				76DEEC2A207B4A6900411444 /* WeatherTests.m in Sources */,
			);
			runOnlyForDeploymentPostprocessing = 0;
		};
		76DEEC2C207B4A6900411444 /* Sources */ = {
			isa = PBXSourcesBuildPhase;
			buildActionMask = 2147483647;
			files = (
				76DEEC35207B4A6900411444 /* WeatherUITests.m in Sources */,
			);
			runOnlyForDeploymentPostprocessing = 0;
		};
/* End PBXSourcesBuildPhase section */

/* Begin PBXTargetDependency section */
		76DEEC27207B4A6900411444 /* PBXTargetDependency */ = {
			isa = PBXTargetDependency;
			target = 76DEEC0C207B4A6600411444 /* Weather */;
			targetProxy = 76DEEC26207B4A6900411444 /* PBXContainerItemProxy */;
		};
		76DEEC32207B4A6900411444 /* PBXTargetDependency */ = {
			isa = PBXTargetDependency;
			target = 76DEEC0C207B4A6600411444 /* Weather */;
			targetProxy = 76DEEC31207B4A6900411444 /* PBXContainerItemProxy */;
		};
/* End PBXTargetDependency section */

/* Begin PBXVariantGroup section */
		76DEEC16207B4A6600411444 /* Main.storyboard */ = {
			isa = PBXVariantGroup;
			children = (
				76DEEC17207B4A6600411444 /* Base */,
			);
			name = Main.storyboard;
			sourceTree = "<group>";
		};
		76DEEC1B207B4A6800411444 /* LaunchScreen.storyboard */ = {
			isa = PBXVariantGroup;
			children = (
				76DEEC1C207B4A6800411444 /* Base */,
			);
			name = LaunchScreen.storyboard;
			sourceTree = "<group>";
		};
/* End PBXVariantGroup section */

/* Begin XCBuildConfiguration section */
		76DEEC37207B4A6900411444 /* Debug */ = {
			isa = XCBuildConfiguration;
			buildSettings = {
				ALWAYS_SEARCH_USER_PATHS = NO;
				CLANG_ANALYZER_NONNULL = YES;
				CLANG_ANALYZER_NUMBER_OBJECT_CONVERSION = YES_AGGRESSIVE;
				CLANG_CXX_LANGUAGE_STANDARD = "gnu++14";
				CLANG_CXX_LIBRARY = "libc++";
				CLANG_ENABLE_MODULES = YES;
				CLANG_ENABLE_OBJC_ARC = YES;
				CLANG_ENABLE_OBJC_WEAK = YES;
				CLANG_WARN_BLOCK_CAPTURE_AUTORELEASING = YES;
				CLANG_WARN_BOOL_CONVERSION = YES;
				CLANG_WARN_COMMA = YES;
				CLANG_WARN_CONSTANT_CONVERSION = YES;
				CLANG_WARN_DEPRECATED_OBJC_IMPLEMENTATIONS = YES;
				CLANG_WARN_DIRECT_OBJC_ISA_USAGE = YES_ERROR;
				CLANG_WARN_DOCUMENTATION_COMMENTS = YES;
				CLANG_WARN_EMPTY_BODY = YES;
				CLANG_WARN_ENUM_CONVERSION = YES;
				CLANG_WARN_INFINITE_RECURSION = YES;
				CLANG_WARN_INT_CONVERSION = YES;
				CLANG_WARN_NON_LITERAL_NULL_CONVERSION = YES;
				CLANG_WARN_OBJC_IMPLICIT_RETAIN_SELF = YES;
				CLANG_WARN_OBJC_LITERAL_CONVERSION = YES;
				CLANG_WARN_OBJC_ROOT_CLASS = YES_ERROR;
				CLANG_WARN_RANGE_LOOP_ANALYSIS = YES;
				CLANG_WARN_STRICT_PROTOTYPES = YES;
				CLANG_WARN_SUSPICIOUS_MOVE = YES;
				CLANG_WARN_UNGUARDED_AVAILABILITY = YES_AGGRESSIVE;
				CLANG_WARN_UNREACHABLE_CODE = YES;
				CLANG_WARN__DUPLICATE_METHOD_MATCH = YES;
				CODE_SIGN_IDENTITY = "iPhone Developer";
				COPY_PHASE_STRIP = NO;
				DEBUG_INFORMATION_FORMAT = dwarf;
				ENABLE_STRICT_OBJC_MSGSEND = YES;
				ENABLE_TESTABILITY = YES;
				GCC_C_LANGUAGE_STANDARD = gnu11;
				GCC_DYNAMIC_NO_PIC = NO;
				GCC_NO_COMMON_BLOCKS = YES;
				GCC_OPTIMIZATION_LEVEL = 0;
				GCC_PREPROCESSOR_DEFINITIONS = (
					"DEBUG=1",
					"$(inherited)",
				);
				GCC_WARN_64_TO_32_BIT_CONVERSION = YES;
				GCC_WARN_ABOUT_RETURN_TYPE = YES_ERROR;
				GCC_WARN_UNDECLARED_SELECTOR = YES;
				GCC_WARN_UNINITIALIZED_AUTOS = YES_AGGRESSIVE;
				GCC_WARN_UNUSED_FUNCTION = YES;
				GCC_WARN_UNUSED_VARIABLE = YES;
				IPHONEOS_DEPLOYMENT_TARGET = 11.3;
				MTL_ENABLE_DEBUG_INFO = YES;
				ONLY_ACTIVE_ARCH = YES;
				SDKROOT = iphoneos;
			};
			name = Debug;
		};
		76DEEC38207B4A6900411444 /* Release */ = {
			isa = XCBuildConfiguration;
			buildSettings = {
				ALWAYS_SEARCH_USER_PATHS = NO;
				CLANG_ANALYZER_NONNULL = YES;
				CLANG_ANALYZER_NUMBER_OBJECT_CONVERSION = YES_AGGRESSIVE;
				CLANG_CXX_LANGUAGE_STANDARD = "gnu++14";
				CLANG_CXX_LIBRARY = "libc++";
				CLANG_ENABLE_MODULES = YES;
				CLANG_ENABLE_OBJC_ARC = YES;
				CLANG_ENABLE_OBJC_WEAK = YES;
				CLANG_WARN_BLOCK_CAPTURE_AUTORELEASING = YES;
				CLANG_WARN_BOOL_CONVERSION = YES;
				CLANG_WARN_COMMA = YES;
				CLANG_WARN_CONSTANT_CONVERSION = YES;
				CLANG_WARN_DEPRECATED_OBJC_IMPLEMENTATIONS = YES;
				CLANG_WARN_DIRECT_OBJC_ISA_USAGE = YES_ERROR;
				CLANG_WARN_DOCUMENTATION_COMMENTS = YES;
				CLANG_WARN_EMPTY_BODY = YES;
				CLANG_WARN_ENUM_CONVERSION = YES;
				CLANG_WARN_INFINITE_RECURSION = YES;
				CLANG_WARN_INT_CONVERSION = YES;
				CLANG_WARN_NON_LITERAL_NULL_CONVERSION = YES;
				CLANG_WARN_OBJC_IMPLICIT_RETAIN_SELF = YES;
				CLANG_WARN_OBJC_LITERAL_CONVERSION = YES;
				CLANG_WARN_OBJC_ROOT_CLASS = YES_ERROR;
				CLANG_WARN_RANGE_LOOP_ANALYSIS = YES;
				CLANG_WARN_STRICT_PROTOTYPES = YES;
				CLANG_WARN_SUSPICIOUS_MOVE = YES;
				CLANG_WARN_UNGUARDED_AVAILABILITY = YES_AGGRESSIVE;
				CLANG_WARN_UNREACHABLE_CODE = YES;
				CLANG_WARN__DUPLICATE_METHOD_MATCH = YES;
				CODE_SIGN_IDENTITY = "iPhone Developer";
				COPY_PHASE_STRIP = NO;
				DEBUG_INFORMATION_FORMAT = "dwarf-with-dsym";
				ENABLE_NS_ASSERTIONS = NO;
				ENABLE_STRICT_OBJC_MSGSEND = YES;
				GCC_C_LANGUAGE_STANDARD = gnu11;
				GCC_NO_COMMON_BLOCKS = YES;
				GCC_WARN_64_TO_32_BIT_CONVERSION = YES;
				GCC_WARN_ABOUT_RETURN_TYPE = YES_ERROR;
				GCC_WARN_UNDECLARED_SELECTOR = YES;
				GCC_WARN_UNINITIALIZED_AUTOS = YES_AGGRESSIVE;
				GCC_WARN_UNUSED_FUNCTION = YES;
				GCC_WARN_UNUSED_VARIABLE = YES;
				IPHONEOS_DEPLOYMENT_TARGET = 11.3;
				MTL_ENABLE_DEBUG_INFO = NO;
				SDKROOT = iphoneos;
				VALIDATE_PRODUCT = YES;
			};
			name = Release;
		};
		76DEEC3A207B4A6900411444 /* Debug */ = {
			isa = XCBuildConfiguration;
			baseConfigurationReference = 3529AE2115066DF0B8E7F6FC /* Pods-Weather.debug.xcconfig */;
			buildSettings = {
				ASSETCATALOG_COMPILER_APPICON_NAME = AppIcon;
				CODE_SIGN_STYLE = Automatic;
				DEVELOPMENT_TEAM = YMPDC8HZN7;
				INFOPLIST_FILE = Weather/Info.plist;
				LD_RUNPATH_SEARCH_PATHS = "$(inherited) @executable_path/Frameworks";
				PRODUCT_BUNDLE_IDENTIFIER = "DaYouTechnology-Co.--Ltd..Weather";
				PRODUCT_NAME = "$(TARGET_NAME)";
				TARGETED_DEVICE_FAMILY = "1,2";
			};
			name = Debug;
		};
		76DEEC3B207B4A6900411444 /* Release */ = {
			isa = XCBuildConfiguration;
			baseConfigurationReference = F31FAB05735A2B37583A2947 /* Pods-Weather.release.xcconfig */;
			buildSettings = {
				ASSETCATALOG_COMPILER_APPICON_NAME = AppIcon;
				CODE_SIGN_STYLE = Automatic;
				DEVELOPMENT_TEAM = YMPDC8HZN7;
				INFOPLIST_FILE = Weather/Info.plist;
				LD_RUNPATH_SEARCH_PATHS = "$(inherited) @executable_path/Frameworks";
				PRODUCT_BUNDLE_IDENTIFIER = "DaYouTechnology-Co.--Ltd..Weather";
				PRODUCT_NAME = "$(TARGET_NAME)";
				TARGETED_DEVICE_FAMILY = "1,2";
			};
			name = Release;
		};
		76DEEC3D207B4A6900411444 /* Debug */ = {
			isa = XCBuildConfiguration;
			baseConfigurationReference = EC2F9A658221435E0E2346A1 /* Pods-WeatherTests.debug.xcconfig */;
			buildSettings = {
				BUNDLE_LOADER = "$(TEST_HOST)";
				CODE_SIGN_STYLE = Automatic;
				DEVELOPMENT_TEAM = YMPDC8HZN7;
				INFOPLIST_FILE = WeatherTests/Info.plist;
				LD_RUNPATH_SEARCH_PATHS = "$(inherited) @executable_path/Frameworks @loader_path/Frameworks";
				PRODUCT_BUNDLE_IDENTIFIER = "DaYouTechnology-Co.--Ltd..WeatherTests";
				PRODUCT_NAME = "$(TARGET_NAME)";
				TARGETED_DEVICE_FAMILY = "1,2";
				TEST_HOST = "$(BUILT_PRODUCTS_DIR)/Weather.app/Weather";
			};
			name = Debug;
		};
		76DEEC3E207B4A6900411444 /* Release */ = {
			isa = XCBuildConfiguration;
			baseConfigurationReference = 6ECF56F261CA1900F3004557 /* Pods-WeatherTests.release.xcconfig */;
			buildSettings = {
				BUNDLE_LOADER = "$(TEST_HOST)";
				CODE_SIGN_STYLE = Automatic;
				DEVELOPMENT_TEAM = YMPDC8HZN7;
				INFOPLIST_FILE = WeatherTests/Info.plist;
				LD_RUNPATH_SEARCH_PATHS = "$(inherited) @executable_path/Frameworks @loader_path/Frameworks";
				PRODUCT_BUNDLE_IDENTIFIER = "DaYouTechnology-Co.--Ltd..WeatherTests";
				PRODUCT_NAME = "$(TARGET_NAME)";
				TARGETED_DEVICE_FAMILY = "1,2";
				TEST_HOST = "$(BUILT_PRODUCTS_DIR)/Weather.app/Weather";
			};
			name = Release;
		};
		76DEEC40207B4A6900411444 /* Debug */ = {
			isa = XCBuildConfiguration;
			baseConfigurationReference = 74785C548E7AA00DFF5BB07B /* Pods-WeatherUITests.debug.xcconfig */;
			buildSettings = {
				CODE_SIGN_STYLE = Automatic;
				DEVELOPMENT_TEAM = YMPDC8HZN7;
				INFOPLIST_FILE = WeatherUITests/Info.plist;
				LD_RUNPATH_SEARCH_PATHS = "$(inherited) @executable_path/Frameworks @loader_path/Frameworks";
				PRODUCT_BUNDLE_IDENTIFIER = "DaYouTechnology-Co.--Ltd..WeatherUITests";
				PRODUCT_NAME = "$(TARGET_NAME)";
				TARGETED_DEVICE_FAMILY = "1,2";
				TEST_TARGET_NAME = Weather;
			};
			name = Debug;
		};
		76DEEC41207B4A6900411444 /* Release */ = {
			isa = XCBuildConfiguration;
			baseConfigurationReference = 78C7BBE3A4ECB0E9507159CB /* Pods-WeatherUITests.release.xcconfig */;
			buildSettings = {
				CODE_SIGN_STYLE = Automatic;
				DEVELOPMENT_TEAM = YMPDC8HZN7;
				INFOPLIST_FILE = WeatherUITests/Info.plist;
				LD_RUNPATH_SEARCH_PATHS = "$(inherited) @executable_path/Frameworks @loader_path/Frameworks";
				PRODUCT_BUNDLE_IDENTIFIER = "DaYouTechnology-Co.--Ltd..WeatherUITests";
				PRODUCT_NAME = "$(TARGET_NAME)";
				TARGETED_DEVICE_FAMILY = "1,2";
				TEST_TARGET_NAME = Weather;
			};
			name = Release;
		};
/* End XCBuildConfiguration section */

/* Begin XCConfigurationList section */
		76DEEC08207B4A6600411444 /* Build configuration list for PBXProject "Weather" */ = {
			isa = XCConfigurationList;
			buildConfigurations = (
				76DEEC37207B4A6900411444 /* Debug */,
				76DEEC38207B4A6900411444 /* Release */,
			);
			defaultConfigurationIsVisible = 0;
			defaultConfigurationName = Release;
		};
		76DEEC39207B4A6900411444 /* Build configuration list for PBXNativeTarget "Weather" */ = {
			isa = XCConfigurationList;
			buildConfigurations = (
				76DEEC3A207B4A6900411444 /* Debug */,
				76DEEC3B207B4A6900411444 /* Release */,
			);
			defaultConfigurationIsVisible = 0;
			defaultConfigurationName = Release;
		};
		76DEEC3C207B4A6900411444 /* Build configuration list for PBXNativeTarget "WeatherTests" */ = {
			isa = XCConfigurationList;
			buildConfigurations = (
				76DEEC3D207B4A6900411444 /* Debug */,
				76DEEC3E207B4A6900411444 /* Release */,
			);
			defaultConfigurationIsVisible = 0;
			defaultConfigurationName = Release;
		};
		76DEEC3F207B4A6900411444 /* Build configuration list for PBXNativeTarget "WeatherUITests" */ = {
			isa = XCConfigurationList;
			buildConfigurations = (
				76DEEC40207B4A6900411444 /* Debug */,
				76DEEC41207B4A6900411444 /* Release */,
			);
			defaultConfigurationIsVisible = 0;
			defaultConfigurationName = Release;
		};
/* End XCConfigurationList section */
	};
	rootObject = 76DEEC05207B4A6600411444 /* Project object */;
}
